PODS:
  - CYLTabBarController (1.29.0):
    - CYLTabBarController/Core (= 1.29.0)
  - CYLTabBarController/Core (1.29.0)

DEPENDENCIES:
  - CYLTabBarController (~> 1.29.0)

SPEC REPOS:
  trunk:
    - CYLTabBarController

SPEC CHECKSUMS:
  CYLTabBarController: f5460b8446f82d016945d4d53895a1ef185b79e3

PODFILE CHECKSUM: 435b9bc7cbc4668fd6d376281341c3746a5e149b

COCOAPODS: 1.9.1
